// !$*UTF8*$!
{
	archiveVersion = 1;
	classes = {
	};
	objectVersion = 46;
	objects = {

/* Begin PBXBuildFile section */
		28D0755B1A47C58A005CF944 /* main.m in Sources */ = {isa = PBXBuildFile; fileRef = 28D0755A1A47C58A005CF944 /* main.m */; };
		28D0755E1A47C58A005CF944 /* AppDelegate.m in Sources */ = {isa = PBXBuildFile; fileRef = 28D0755D1A47C58A005CF944 /* AppDelegate.m */; };
		28D075611A47C58A005CF944 /* ViewController.m in Sources */ = {isa = PBXBuildFile; fileRef = 28D075601A47C58A005CF944 /* ViewController.m */; };
		28D075661A47C58A005CF944 /* Images.xcassets in Resources */ = {isa = PBXBuildFile; fileRef = 28D075651A47C58A005CF944 /* Images.xcassets */; };
		28D075691A47C58A005CF944 /* LaunchScreen.xib in Resources */ = {isa = PBXBuildFile; fileRef = 28D075671A47C58A005CF944 /* LaunchScreen.xib */; };
		28D075751A47C58A005CF944 /* WeakTimerTests.m in Sources */ = {isa = PBXBuildFile; fileRef = 28D075741A47C58A005CF944 /* WeakTimerTests.m */; };
		28D075801A47C65F005CF944 /* SubView.m in Sources */ = {isa = PBXBuildFile; fileRef = 28D0757F1A47C65F005CF944 /* SubView.m */; };
		28D075831A47FB10005CF944 /* WeakTimerTarget.m in Sources */ = {isa = PBXBuildFile; fileRef = 28D075821A47FB10005CF944 /* WeakTimerTarget.m */; };
/* End PBXBuildFile section */

/* Begin PBXContainerItemProxy section */
		28D0756F1A47C58A005CF944 /* PBXContainerItemProxy */ = {
			isa = PBXContainerItemProxy;
			containerPortal = 28D0754D1A47C58A005CF944 /* Project object */;
			proxyType = 1;
			remoteGlobalIDString = 28D075541A47C58A005CF944;
			remoteInfo = WeakTimer;
		};
/* End PBXContainerItemProxy section */

/* Begin PBXFileReference section */
		28D075551A47C58A005CF944 /* WeakTimer.app */ = {isa = PBXFileReference; explicitFileType = wrapper.application; includeInIndex = 0; path = WeakTimer.app; sourceTree = BUILT_PRODUCTS_DIR; };
		28D075591A47C58A005CF944 /* Info.plist */ = {isa = PBXFileReference; lastKnownFileType = text.plist.xml; path = Info.plist; sourceTree = "<group>"; };
		28D0755A1A47C58A005CF944 /* main.m */ = {isa = PBXFileReference; lastKnownFileType = sourcecode.c.objc; path = main.m; sourceTree = "<group>"; };
		28D0755C1A47C58A005CF944 /* AppDelegate.h */ = {isa = PBXFileReference; lastKnownFileType = sourcecode.c.h; path = AppDelegate.h; sourceTree = "<group>"; };
		28D0755D1A47C58A005CF944 /* AppDelegate.m */ = {isa = PBXFileReference; lastKnownFileType = sourcecode.c.objc; path = AppDelegate.m; sourceTree = "<group>"; };
		28D0755F1A47C58A005CF944 /* ViewController.h */ = {isa = PBXFileReference; lastKnownFileType = sourcecode.c.h; path = ViewController.h; sourceTree = "<group>"; };
		28D075601A47C58A005CF944 /* ViewController.m */ = {isa = PBXFileReference; lastKnownFileType = sourcecode.c.objc; path = ViewController.m; sourceTree = "<group>"; };
		28D075651A47C58A005CF944 /* Images.xcassets */ = {isa = PBXFileReference; lastKnownFileType = folder.assetcatalog; path = Images.xcassets; sourceTree = "<group>"; };
		28D075681A47C58A005CF944 /* Base */ = {isa = PBXFileReference; lastKnownFileType = file.xib; name = Base; path = Base.lproj/LaunchScreen.xib; sourceTree = "<group>"; };
		28D0756E1A47C58A005CF944 /* WeakTimerTests.xctest */ = {isa = PBXFileReference; explicitFileType = wrapper.cfbundle; includeInIndex = 0; path = WeakTimerTests.xctest; sourceTree = BUILT_PRODUCTS_DIR; };
		28D075731A47C58A005CF944 /* Info.plist */ = {isa = PBXFileReference; lastKnownFileType = text.plist.xml; path = Info.plist; sourceTree = "<group>"; };
		28D075741A47C58A005CF944 /* WeakTimerTests.m */ = {isa = PBXFileReference; lastKnownFileType = sourcecode.c.objc; path = WeakTimerTests.m; sourceTree = "<group>"; };
		28D0757E1A47C65F005CF944 /* SubView.h */ = {isa = PBXFileReference; fileEncoding = 4; lastKnownFileType = sourcecode.c.h; path = SubView.h; sourceTree = "<group>"; };
		28D0757F1A47C65F005CF944 /* SubView.m */ = {isa = PBXFileReference; fileEncoding = 4; lastKnownFileType = sourcecode.c.objc; path = SubView.m; sourceTree = "<group>"; };
		28D075811A47FB10005CF944 /* WeakTimerTarget.h */ = {isa = PBXFileReference; fileEncoding = 4; lastKnownFileType = sourcecode.c.h; path = WeakTimerTarget.h; sourceTree = "<group>"; };
		28D075821A47FB10005CF944 /* WeakTimerTarget.m */ = {isa = PBXFileReference; fileEncoding = 4; lastKnownFileType = sourcecode.c.objc; path = WeakTimerTarget.m; sourceTree = "<group>"; };
/* End PBXFileReference section */

/* Begin PBXFrameworksBuildPhase section */
		28D075521A47C58A005CF944 /* Frameworks */ = {
			isa = PBXFrameworksBuildPhase;
			buildActionMask = 2147483647;
			files = (
			);
			runOnlyForDeploymentPostprocessing = 0;
		};
		28D0756B1A47C58A005CF944 /* Frameworks */ = {
			isa = PBXFrameworksBuildPhase;
			buildActionMask = 2147483647;
			files = (
			);
			runOnlyForDeploymentPostprocessing = 0;
		};
/* End PBXFrameworksBuildPhase section */

/* Begin PBXGroup section */
		28D0754C1A47C58A005CF944 = {
			isa = PBXGroup;
			children = (
				28D075571A47C58A005CF944 /* WeakTimer */,
				28D075711A47C58A005CF944 /* WeakTimerTests */,
				28D075561A47C58A005CF944 /* Products */,
			);
			sourceTree = "<group>";
		};
		28D075561A47C58A005CF944 /* Products */ = {
			isa = PBXGroup;
			children = (
				28D075551A47C58A005CF944 /* WeakTimer.app */,
				28D0756E1A47C58A005CF944 /* WeakTimerTests.xctest */,
			);
			name = Products;
			sourceTree = "<group>";
		};
		28D075571A47C58A005CF944 /* WeakTimer */ = {
			isa = PBXGroup;
			children = (
				28D0755C1A47C58A005CF944 /* AppDelegate.h */,
				28D0755D1A47C58A005CF944 /* AppDelegate.m */,
				28D0755F1A47C58A005CF944 /* ViewController.h */,
				28D075601A47C58A005CF944 /* ViewController.m */,
				28D0757E1A47C65F005CF944 /* SubView.h */,
				28D0757F1A47C65F005CF944 /* SubView.m */,
				28D075811A47FB10005CF944 /* WeakTimerTarget.h */,
				28D075821A47FB10005CF944 /* WeakTimerTarget.m */,
				28D075651A47C58A005CF944 /* Images.xcassets */,
				28D075671A47C58A005CF944 /* LaunchScreen.xib */,
				28D075581A47C58A005CF944 /* Supporting Files */,
			);
			path = WeakTimer;
			sourceTree = "<group>";
		};
		28D075581A47C58A005CF944 /* Supporting Files */ = {
			isa = PBXGroup;
			children = (
				28D075591A47C58A005CF944 /* Info.plist */,
				28D0755A1A47C58A005CF944 /* main.m */,
			);
			name = "Supporting Files";
			sourceTree = "<group>";
		};
		28D075711A47C58A005CF944 /* WeakTimerTests */ = {
			isa = PBXGroup;
			children = (
				28D075741A47C58A005CF944 /* WeakTimerTests.m */,
				28D075721A47C58A005CF944 /* Supporting Files */,
			);
			path = WeakTimerTests;
			sourceTree = "<group>";
		};
		28D075721A47C58A005CF944 /* Supporting Files */ = {
			isa = PBXGroup;
			children = (
				28D075731A47C58A005CF944 /* Info.plist */,
			);
			name = "Supporting Files";
			sourceTree = "<group>";
		};
/* End PBXGroup section */

/* Begin PBXNativeTarget section */
		28D075541A47C58A005CF944 /* WeakTimer */ = {
			isa = PBXNativeTarget;
			buildConfigurationList = 28D075781A47C58A005CF944 /* Build configuration list for PBXNativeTarget "WeakTimer" */;
			buildPhases = (
				28D075511A47C58A005CF944 /* Sources */,
				28D075521A47C58A005CF944 /* Frameworks */,
				28D075531A47C58A005CF944 /* Resources */,
			);
			buildRules = (
			);
			dependencies = (
			);
			name = WeakTimer;
			productName = WeakTimer;
			productReference = 28D075551A47C58A005CF944 /* WeakTimer.app */;
			productType = "com.apple.product-type.application";
		};
		28D0756D1A47C58A005CF944 /* WeakTimerTests */ = {
			isa = PBXNativeTarget;
			buildConfigurationList = 28D0757B1A47C58A005CF944 /* Build configuration list for PBXNativeTarget "WeakTimerTests" */;
			buildPhases = (
				28D0756A1A47C58A005CF944 /* Sources */,
				28D0756B1A47C58A005CF944 /* Frameworks */,
				28D0756C1A47C58A005CF944 /* Resources */,
			);
			buildRules = (
			);
			dependencies = (
				28D075701A47C58A005CF944 /* PBXTargetDependency */,
			);
			name = WeakTimerTests;
			productName = WeakTimerTests;
			productReference = 28D0756E1A47C58A005CF944 /* WeakTimerTests.xctest */;
			productType = "com.apple.product-type.bundle.unit-test";
		};
/* End PBXNativeTarget section */

/* Begin PBXProject section */
		28D0754D1A47C58A005CF944 /* Project object */ = {
			isa = PBXProject;
			attributes = {
				LastUpgradeCheck = 0610;
				ORGANIZATIONNAME = "BILLY HO";
				TargetAttributes = {
					28D075541A47C58A005CF944 = {
						CreatedOnToolsVersion = 6.1.1;
					};
					28D0756D1A47C58A005CF944 = {
						CreatedOnToolsVersion = 6.1.1;
						TestTargetID = 28D075541A47C58A005CF944;
					};
				};
			};
			buildConfigurationList = 28D075501A47C58A005CF944 /* Build configuration list for PBXProject "WeakTimer" */;
			compatibilityVersion = "Xcode 3.2";
			developmentRegion = English;
			hasScannedForEncodings = 0;
			knownRegions = (
				en,
				Base,
			);
			mainGroup = 28D0754C1A47C58A005CF944;
			productRefGroup = 28D075561A47C58A005CF944 /* Products */;
			projectDirPath = "";
			projectRoot = "";
			targets = (
				28D075541A47C58A005CF944 /* WeakTimer */,
				28D0756D1A47C58A005CF944 /* WeakTimerTests */,
			);
		};
/* End PBXProject section */

/* Begin PBXResourcesBuildPhase section */
		28D075531A47C58A005CF944 /* Resources */ = {
			isa = PBXResourcesBuildPhase;
			buildActionMask = 2147483647;
			files = (
				28D075691A47C58A005CF944 /* LaunchScreen.xib in Resources */,
				28D075661A47C58A005CF944 /* Images.xcassets in Resources */,
			);
			runOnlyForDeploymentPostprocessing = 0;
		};
		28D0756C1A47C58A005CF944 /* Resources */ = {
			isa = PBXResourcesBuildPhase;
			buildActionMask = 2147483647;
			files = (
			);
			runOnlyForDeploymentPostprocessing = 0;
		};
/* End PBXResourcesBuildPhase section */

/* Begin PBXSourcesBuildPhase section */
		28D075511A47C58A005CF944 /* Sources */ = {
			isa = PBXSourcesBuildPhase;
			buildActionMask = 2147483647;
			files = (
				28D075611A47C58A005CF944 /* ViewController.m in Sources */,
				28D075831A47FB10005CF944 /* WeakTimerTarget.m in Sources */,
				28D075801A47C65F005CF944 /* SubView.m in Sources */,
				28D0755E1A47C58A005CF944 /* AppDelegate.m in Sources */,
				28D0755B1A47C58A005CF944 /* main.m in Sources */,
			);
			runOnlyForDeploymentPostprocessing = 0;
		};
		28D0756A1A47C58A005CF944 /* Sources */ = {
			isa = PBXSourcesBuildPhase;
			buildActionMask = 2147483647;
			files = (
				28D075751A47C58A005CF944 /* WeakTimerTests.m in Sources */,
			);
			runOnlyForDeploymentPostprocessing = 0;
		};
/* End PBXSourcesBuildPhase section */

/* Begin PBXTargetDependency section */
		28D075701A47C58A005CF944 /* PBXTargetDependency */ = {
			isa = PBXTargetDependency;
			target = 28D075541A47C58A005CF944 /* WeakTimer */;
			targetProxy = 28D0756F1A47C58A005CF944 /* PBXContainerItemProxy */;
		};
/* End PBXTargetDependency section */

/* Begin PBXVariantGroup section */
		28D075671A47C58A005CF944 /* LaunchScreen.xib */ = {
			isa = PBXVariantGroup;
			children = (
				28D075681A47C58A005CF944 /* Base */,
			);
			name = LaunchScreen.xib;
			sourceTree = "<group>";
		};
/* End PBXVariantGroup section */

/* Begin XCBuildConfiguration section */
		28D075761A47C58A005CF944 /* Debug */ = {
			isa = XCBuildConfiguration;
			buildSettings = {
				ALWAYS_SEARCH_USER_PATHS = NO;
				CLANG_CXX_LANGUAGE_STANDARD = "gnu++0x";
				CLANG_CXX_LIBRARY = "libc++";
				CLANG_ENABLE_MODULES = YES;
				CLANG_ENABLE_OBJC_ARC = YES;
				CLANG_WARN_BOOL_CONVERSION = YES;
				CLANG_WARN_CONSTANT_CONVERSION = YES;
				CLANG_WARN_DIRECT_OBJC_ISA_USAGE = YES_ERROR;
				CLANG_WARN_EMPTY_BODY = YES;
				CLANG_WARN_ENUM_CONVERSION = YES;
				CLANG_WARN_INT_CONVERSION = YES;
				CLANG_WARN_OBJC_ROOT_CLASS = YES_ERROR;
				CLANG_WARN_UNREACHABLE_CODE = YES;
				CLANG_WARN__DUPLICATE_METHOD_MATCH = YES;
				"CODE_SIGN_IDENTITY[sdk=iphoneos*]" = "iPhone Developer";
				COPY_PHASE_STRIP = NO;
				ENABLE_STRICT_OBJC_MSGSEND = YES;
				GCC_C_LANGUAGE_STANDARD = gnu99;
				GCC_DYNAMIC_NO_PIC = NO;
				GCC_OPTIMIZATION_LEVEL = 0;
				GCC_PREPROCESSOR_DEFINITIONS = (
					"DEBUG=1",
					"$(inherited)",
				);
				GCC_SYMBOLS_PRIVATE_EXTERN = NO;
				GCC_WARN_64_TO_32_BIT_CONVERSION = YES;
				GCC_WARN_ABOUT_RETURN_TYPE = YES_ERROR;
				GCC_WARN_UNDECLARED_SELECTOR = YES;
				GCC_WARN_UNINITIALIZED_AUTOS = YES_AGGRESSIVE;
				GCC_WARN_UNUSED_FUNCTION = YES;
				GCC_WARN_UNUSED_VARIABLE = YES;
				IPHONEOS_DEPLOYMENT_TARGET = 8.1;
				MTL_ENABLE_DEBUG_INFO = YES;
				ONLY_ACTIVE_ARCH = YES;
				SDKROOT = iphoneos;
				TARGETED_DEVICE_FAMILY = "1,2";
			};
			name = Debug;
		};
		28D075771A47C58A005CF944 /* Release */ = {
			isa = XCBuildConfiguration;
			buildSettings = {
				ALWAYS_SEARCH_USER_PATHS = NO;
				CLANG_CXX_LANGUAGE_STANDARD = "gnu++0x";
				CLANG_CXX_LIBRARY = "libc++";
				CLANG_ENABLE_MODULES = YES;
				CLANG_ENABLE_OBJC_ARC = YES;
				CLANG_WARN_BOOL_CONVERSION = YES;
				CLANG_WARN_CONSTANT_CONVERSION = YES;
				CLANG_WARN_DIRECT_OBJC_ISA_USAGE = YES_ERROR;
				CLANG_WARN_EMPTY_BODY = YES;
				CLANG_WARN_ENUM_CONVERSION = YES;
				CLANG_WARN_INT_CONVERSION = YES;
				CLANG_WARN_OBJC_ROOT_CLASS = YES_ERROR;
				CLANG_WARN_UNREACHABLE_CODE = YES;
				CLANG_WARN__DUPLICATE_METHOD_MATCH = YES;
				"CODE_SIGN_IDENTITY[sdk=iphoneos*]" = "iPhone Developer";
				COPY_PHASE_STRIP = YES;
				ENABLE_NS_ASSERTIONS = NO;
				ENABLE_STRICT_OBJC_MSGSEND = YES;
				GCC_C_LANGUAGE_STANDARD = gnu99;
				GCC_WARN_64_TO_32_BIT_CONVERSION = YES;
				GCC_WARN_ABOUT_RETURN_TYPE = YES_ERROR;
				GCC_WARN_UNDECLARED_SELECTOR = YES;
				GCC_WARN_UNINITIALIZED_AUTOS = YES_AGGRESSIVE;
				GCC_WARN_UNUSED_FUNCTION = YES;
				GCC_WARN_UNUSED_VARIABLE = YES;
				IPHONEOS_DEPLOYMENT_TARGET = 8.1;
				MTL_ENABLE_DEBUG_INFO = NO;
				SDKROOT = iphoneos;
				TARGETED_DEVICE_FAMILY = "1,2";
				VALIDATE_PRODUCT = YES;
			};
			name = Release;
		};
		28D075791A47C58A005CF944 /* Debug */ = {
			isa = XCBuildConfiguration;
			buildSettings = {
				ASSETCATALOG_COMPILER_APPICON_NAME = AppIcon;
				INFOPLIST_FILE = WeakTimer/Info.plist;
				LD_RUNPATH_SEARCH_PATHS = "$(inherited) @executable_path/Frameworks";
				PRODUCT_NAME = "$(TARGET_NAME)";
			};
			name = Debug;
		};
		28D0757A1A47C58A005CF944 /* Release */ = {
			isa = XCBuildConfiguration;
			buildSettings = {
				ASSETCATALOG_COMPILER_APPICON_NAME = AppIcon;
				INFOPLIST_FILE = WeakTimer/Info.plist;
				LD_RUNPATH_SEARCH_PATHS = "$(inherited) @executable_path/Frameworks";
				PRODUCT_NAME = "$(TARGET_NAME)";
			};
			name = Release;
		};
		28D0757C1A47C58A005CF944 /* Debug */ = {
			isa = XCBuildConfiguration;
			buildSettings = {
				BUNDLE_LOADER = "$(TEST_HOST)";
				FRAMEWORK_SEARCH_PATHS = (
					"$(SDKROOT)/Developer/Library/Frameworks",
					"$(inherited)",
				);
				GCC_PREPROCESSOR_DEFINITIONS = (
					"DEBUG=1",
					"$(inherited)",
				);
				INFOPLIST_FILE = WeakTimerTests/Info.plist;
				LD_RUNPATH_SEARCH_PATHS = "$(inherited) @executable_path/Frameworks @loader_path/Frameworks";
				PRODUCT_NAME = "$(TARGET_NAME)";
				TEST_HOST = "$(BUILT_PRODUCTS_DIR)/WeakTimer.app/WeakTimer";
			};
			name = Debug;
		};
		28D0757D1A47C58A005CF944 /* Release */ = {
			isa = XCBuildConfiguration;
			buildSettings = {
				BUNDLE_LOADER = "$(TEST_HOST)";
				FRAMEWORK_SEARCH_PATHS = (
					"$(SDKROOT)/Developer/Library/Frameworks",
					"$(inherited)",
				);
				INFOPLIST_FILE = WeakTimerTests/Info.plist;
				LD_RUNPATH_SEARCH_PATHS = "$(inherited) @executable_path/Frameworks @loader_path/Frameworks";
				PRODUCT_NAME = "$(TARGET_NAME)";
				TEST_HOST = "$(BUILT_PRODUCTS_DIR)/WeakTimer.app/WeakTimer";
			};
			name = Release;
		};
/* End XCBuildConfiguration section */

/* Begin XCConfigurationList section */
		28D075501A47C58A005CF944 /* Build configuration list for PBXProject "WeakTimer" */ = {
			isa = XCConfigurationList;
			buildConfigurations = (
				28D075761A47C58A005CF944 /* Debug */,
				28D075771A47C58A005CF944 /* Release */,
			);
			defaultConfigurationIsVisible = 0;
			defaultConfigurationName = Release;
		};
		28D075781A47C58A005CF944 /* Build configuration list for PBXNativeTarget "WeakTimer" */ = {
			isa = XCConfigurationList;
			buildConfigurations = (
				28D075791A47C58A005CF944 /* Debug */,
				28D0757A1A47C58A005CF944 /* Release */,
			);
			defaultConfigurationIsVisible = 0;
		};
		28D0757B1A47C58A005CF944 /* Build configuration list for PBXNativeTarget "WeakTimerTests" */ = {
			isa = XCConfigurationList;
			buildConfigurations = (
				28D0757C1A47C58A005CF944 /* Debug */,
				28D0757D1A47C58A005CF944 /* Release */,
			);
			defaultConfigurationIsVisible = 0;
		};
/* End XCConfigurationList section */
	};
	rootObject = 28D0754D1A47C58A005CF944 /* Project object */;
}
